{
  "name": "consent-manager-showcase",
  "version": "0.1.0",
  "lockfileVersion": 3,
  "requires": true,
  "packages": {
    "": {
      "name": "consent-manager-showcase",
      "version": "0.1.0",
      "dependencies": {
        "@segment/consent-manager": "^5.8.1",
        "@types/node": "20.2.5",
        "@types/react": "18.2.9",
        "@types/react-dom": "18.2.4",
        "next": "13.4.4",
        "react": "18.2.0",
        "react-dom": "18.2.0",
        "typescript": "5.1.3"
      }
    },
    "node_modules/@babel/code-frame": {
      "version": "7.21.4",
      "license": "MIT",
      "dependencies": {
        "@babel/highlight": "^7.18.6"
      },
      "engines": {
        "node": ">=6.9.0"
      }
    },
    "node_modules/@babel/generator": {
      "version": "7.22.3",
      "license": "MIT",
      "dependencies": {
        "@babel/types": "^7.22.3",
        "@jridgewell/gen-mapping": "^0.3.2",
        "@jridgewell/trace-mapping": "^0.3.17",
        "jsesc": "^2.5.1"
      },
      "engines": {
        "node": ">=6.9.0"
      }
    },
    "node_modules/@babel/helper-annotate-as-pure": {
      "version": "7.18.6",
      "license": "MIT",
      "dependencies": {
        "@babel/types": "^7.18.6"
      },
      "engines": {
        "node": ">=6.9.0"
      }
    },
    "node_modules/@babel/helper-environment-visitor": {
      "version": "7.22.1",
      "license": "MIT",
      "engines": {
        "node": ">=6.9.0"
      }
    },
    "node_modules/@babel/helper-function-name": {
      "version": "7.21.0",
      "license": "MIT",
      "dependencies": {
        "@babel/template": "^7.20.7",
        "@babel/types": "^7.21.0"
      },
      "engines": {
        "node": ">=6.9.0"
      }
    },
    "node_modules/@babel/helper-hoist-variables": {
      "version": "7.18.6",
      "license": "MIT",
      "dependencies": {
        "@babel/types": "^7.18.6"
      },
      "engines": {
        "node": ">=6.9.0"
      }
    },
    "node_modules/@babel/helper-module-imports": {
      "version": "7.21.4",
      "license": "MIT",
      "dependencies": {
        "@babel/types": "^7.21.4"
      },
      "engines": {
        "node": ">=6.9.0"
      }
    },
    "node_modules/@babel/helper-split-export-declaration": {
      "version": "7.18.6",
      "license": "MIT",
      "dependencies": {
        "@babel/types": "^7.18.6"
      },
      "engines": {
        "node": ">=6.9.0"
      }
    },
    "node_modules/@babel/helper-string-parser": {
      "version": "7.21.5",
      "license": "MIT",
      "engines": {
        "node": ">=6.9.0"
      }
    },
    "node_modules/@babel/helper-validator-identifier": {
      "version": "7.19.1",
      "license": "MIT",
      "engines": {
        "node": ">=6.9.0"
      }
    },
    "node_modules/@babel/highlight": {
      "version": "7.18.6",
      "license": "MIT",
      "dependencies": {
        "@babel/helper-validator-identifier": "^7.18.6",
        "chalk": "^2.0.0",
        "js-tokens": "^4.0.0"
      },
      "engines": {
        "node": ">=6.9.0"
      }
    },
    "node_modules/@babel/highlight/node_modules/ansi-styles": {
      "version": "3.2.1",
      "license": "MIT",
      "dependencies": {
        "color-convert": "^1.9.0"
      },
      "engines": {
        "node": ">=4"
      }
    },
    "node_modules/@babel/highlight/node_modules/chalk": {
      "version": "2.4.2",
      "license": "MIT",
      "dependencies": {
        "ansi-styles": "^3.2.1",
        "escape-string-regexp": "^1.0.5",
        "supports-color": "^5.3.0"
      },
      "engines": {
        "node": ">=4"
      }
    },
    "node_modules/@babel/highlight/node_modules/color-convert": {
      "version": "1.9.3",
      "license": "MIT",
      "dependencies": {
        "color-name": "1.1.3"
      }
    },
    "node_modules/@babel/highlight/node_modules/color-name": {
      "version": "1.1.3",
      "license": "MIT"
    },
    "node_modules/@babel/highlight/node_modules/escape-string-regexp": {
      "version": "1.0.5",
      "license": "MIT",
      "engines": {
        "node": ">=0.8.0"
      }
    },
    "node_modules/@babel/highlight/node_modules/has-flag": {
      "version": "3.0.0",
      "license": "MIT",
      "engines": {
        "node": ">=4"
      }
    },
    "node_modules/@babel/highlight/node_modules/supports-color": {
      "version": "5.5.0",
      "license": "MIT",
      "dependencies": {
        "has-flag": "^3.0.0"
      },
      "engines": {
        "node": ">=4"
      }
    },
    "node_modules/@babel/parser": {
      "version": "7.22.4",
      "license": "MIT",
      "bin": {
        "parser": "bin/babel-parser.js"
      },
      "engines": {
        "node": ">=6.0.0"
      }
    },
    "node_modules/@babel/runtime": {
      "version": "7.22.3",
      "license": "MIT",
      "dependencies": {
        "regenerator-runtime": "^0.13.11"
      },
      "engines": {
        "node": ">=6.9.0"
      }
    },
    "node_modules/@babel/template": {
      "version": "7.21.9",
      "license": "MIT",
      "dependencies": {
        "@babel/code-frame": "^7.21.4",
        "@babel/parser": "^7.21.9",
        "@babel/types": "^7.21.5"
      },
      "engines": {
        "node": ">=6.9.0"
      }
    },
    "node_modules/@babel/traverse": {
      "version": "7.22.4",
      "license": "MIT",
      "dependencies": {
        "@babel/code-frame": "^7.21.4",
        "@babel/generator": "^7.22.3",
        "@babel/helper-environment-visitor": "^7.22.1",
        "@babel/helper-function-name": "^7.21.0",
        "@babel/helper-hoist-variables": "^7.18.6",
        "@babel/helper-split-export-declaration": "^7.18.6",
        "@babel/parser": "^7.22.4",
        "@babel/types": "^7.22.4",
        "debug": "^4.1.0",
        "globals": "^11.1.0"
      },
      "engines": {
        "node": ">=6.9.0"
      }
    },
    "node_modules/@babel/traverse/node_modules/debug": {
      "version": "4.3.4",
      "license": "MIT",
      "dependencies": {
        "ms": "2.1.2"
      },
      "engines": {
        "node": ">=6.0"
      },
      "peerDependenciesMeta": {
        "supports-color": {
          "optional": true
        }
      }
    },
    "node_modules/@babel/traverse/node_modules/ms": {
      "version": "2.1.2",
      "license": "MIT"
    },
    "node_modules/@babel/types": {
      "version": "7.22.4",
      "license": "MIT",
      "dependencies": {
        "@babel/helper-string-parser": "^7.21.5",
        "@babel/helper-validator-identifier": "^7.19.1",
        "to-fast-properties": "^2.0.0"
      },
      "engines": {
        "node": ">=6.9.0"
      }
    },
    "node_modules/@emotion/babel-plugin": {
      "version": "11.11.0",
      "license": "MIT",
      "dependencies": {
        "@babel/helper-module-imports": "^7.16.7",
        "@babel/runtime": "^7.18.3",
        "@emotion/hash": "^0.9.1",
        "@emotion/memoize": "^0.8.1",
        "@emotion/serialize": "^1.1.2",
        "babel-plugin-macros": "^3.1.0",
        "convert-source-map": "^1.5.0",
        "escape-string-regexp": "^4.0.0",
        "find-root": "^1.1.0",
        "source-map": "^0.5.7",
        "stylis": "4.2.0"
      }
    },
    "node_modules/@emotion/babel-utils": {
      "version": "0.6.10",
      "license": "MIT",
      "dependencies": {
        "@emotion/hash": "^0.6.6",
        "@emotion/memoize": "^0.6.6",
        "@emotion/serialize": "^0.9.1",
        "convert-source-map": "^1.5.1",
        "find-root": "^1.1.0",
        "source-map": "^0.7.2"
      }
    },
    "node_modules/@emotion/babel-utils/node_modules/@emotion/hash": {
      "version": "0.6.6",
      "license": "MIT"
    },
    "node_modules/@emotion/babel-utils/node_modules/@emotion/memoize": {
      "version": "0.6.6",
      "license": "MIT"
    },
    "node_modules/@emotion/babel-utils/node_modules/@emotion/serialize": {
      "version": "0.9.1",
      "license": "MIT",
      "dependencies": {
        "@emotion/hash": "^0.6.6",
        "@emotion/memoize": "^0.6.6",
        "@emotion/unitless": "^0.6.7",
        "@emotion/utils": "^0.8.2"
      }
    },
    "node_modules/@emotion/babel-utils/node_modules/@emotion/unitless": {
      "version": "0.6.7",
      "license": "MIT"
    },
    "node_modules/@emotion/babel-utils/node_modules/@emotion/utils": {
      "version": "0.8.2",
      "license": "MIT"
    },
    "node_modules/@emotion/babel-utils/node_modules/source-map": {
      "version": "0.7.4",
      "license": "BSD-3-Clause",
      "engines": {
        "node": ">= 8"
      }
    },
    "node_modules/@emotion/cache": {
      "version": "11.11.0",
      "license": "MIT",
      "dependencies": {
        "@emotion/memoize": "^0.8.1",
        "@emotion/sheet": "^1.2.2",
        "@emotion/utils": "^1.2.1",
        "@emotion/weak-memoize": "^0.3.1",
        "stylis": "4.2.0"
      }
    },
    "node_modules/@emotion/hash": {
      "version": "0.9.1",
      "license": "MIT"
    },
    "node_modules/@emotion/is-prop-valid": {
      "version": "1.2.1",
      "license": "MIT",
      "dependencies": {
        "@emotion/memoize": "^0.8.1"
      }
    },
    "node_modules/@emotion/memoize": {
      "version": "0.8.1",
      "license": "MIT"
    },
    "node_modules/@emotion/react": {
      "version": "11.11.1",
      "license": "MIT",
      "dependencies": {
        "@babel/runtime": "^7.18.3",
        "@emotion/babel-plugin": "^11.11.0",
        "@emotion/cache": "^11.11.0",
        "@emotion/serialize": "^1.1.2",
        "@emotion/use-insertion-effect-with-fallbacks": "^1.0.1",
        "@emotion/utils": "^1.2.1",
        "@emotion/weak-memoize": "^0.3.1",
        "hoist-non-react-statics": "^3.3.1"
      },
      "peerDependencies": {
        "react": ">=16.8.0"
      },
      "peerDependenciesMeta": {
        "@types/react": {
          "optional": true
        }
      }
    },
    "node_modules/@emotion/serialize": {
      "version": "1.1.2",
      "license": "MIT",
      "dependencies": {
        "@emotion/hash": "^0.9.1",
        "@emotion/memoize": "^0.8.1",
        "@emotion/unitless": "^0.8.1",
        "@emotion/utils": "^1.2.1",
        "csstype": "^3.0.2"
      }
    },
    "node_modules/@emotion/sheet": {
      "version": "1.2.2",
      "license": "MIT"
    },
    "node_modules/@emotion/styled": {
      "version": "11.11.0",
      "license": "MIT",
      "dependencies": {
        "@babel/runtime": "^7.18.3",
        "@emotion/babel-plugin": "^11.11.0",
        "@emotion/is-prop-valid": "^1.2.1",
        "@emotion/serialize": "^1.1.2",
        "@emotion/use-insertion-effect-with-fallbacks": "^1.0.1",
        "@emotion/utils": "^1.2.1"
      },
      "peerDependencies": {
        "@emotion/react": "^11.0.0-rc.0",
        "react": ">=16.8.0"
      },
      "peerDependenciesMeta": {
        "@types/react": {
          "optional": true
        }
      }
    },
    "node_modules/@emotion/stylis": {
      "version": "0.7.1",
      "license": "MIT"
    },
    "node_modules/@emotion/unitless": {
      "version": "0.8.1",
      "license": "MIT"
    },
    "node_modules/@emotion/use-insertion-effect-with-fallbacks": {
      "version": "1.0.1",
      "license": "MIT",
      "peerDependencies": {
        "react": ">=16.8.0"
      }
    },
    "node_modules/@emotion/utils": {
      "version": "1.2.1",
      "license": "MIT"
    },
    "node_modules/@emotion/weak-memoize": {
      "version": "0.3.1",
      "license": "MIT"
    },
    "node_modules/@jridgewell/gen-mapping": {
      "version": "0.3.3",
      "license": "MIT",
      "dependencies": {
        "@jridgewell/set-array": "^1.0.1",
        "@jridgewell/sourcemap-codec": "^1.4.10",
        "@jridgewell/trace-mapping": "^0.3.9"
      },
      "engines": {
        "node": ">=6.0.0"
      }
    },
    "node_modules/@jridgewell/resolve-uri": {
      "version": "3.1.0",
      "license": "MIT",
      "engines": {
        "node": ">=6.0.0"
      }
    },
    "node_modules/@jridgewell/set-array": {
      "version": "1.1.2",
      "license": "MIT",
      "engines": {
        "node": ">=6.0.0"
      }
    },
    "node_modules/@jridgewell/sourcemap-codec": {
      "version": "1.4.15",
      "license": "MIT"
    },
    "node_modules/@jridgewell/trace-mapping": {
      "version": "0.3.18",
      "license": "MIT",
      "dependencies": {
        "@jridgewell/resolve-uri": "3.1.0",
        "@jridgewell/sourcemap-codec": "1.4.14"
      }
    },
    "node_modules/@jridgewell/trace-mapping/node_modules/@jridgewell/sourcemap-codec": {
      "version": "1.4.14",
      "license": "MIT"
    },
    "node_modules/@next/env": {
      "version": "13.4.4",
      "license": "MIT"
    },
    "node_modules/@next/swc-linux-x64-gnu": {
      "version": "13.4.4",
      "cpu": [
        "x64"
      ],
      "license": "MIT",
      "optional": true,
      "os": [
        "linux"
      ],
      "engines": {
        "node": ">= 10"
      }
    },
    "node_modules/@next/swc-linux-x64-musl": {
      "version": "13.4.4",
      "cpu": [
        "x64"
      ],
      "license": "MIT",
      "optional": true,
      "os": [
        "linux"
      ],
      "engines": {
        "node": ">= 10"
      }
    },
    "node_modules/@segment/consent-manager": {
      "version": "5.8.1",
      "license": "MIT",
      "dependencies": {
        "@emotion/react": "^11.8.2",
        "@emotion/styled": "^11.8.1",
        "@segment/in-regions": "^1.2.0",
        "@segment/top-domain": "^3.0.0",
        "emotion": "^9.1.2",
        "isomorphic-fetch": "^3.0.0",
        "js-cookie": "^2.2.0",
        "lodash": "^4.17.21",
        "nanoid": "^1.0.2",
        "prop-types": "^15.6.1",
        "styled-components": "^5.3.5"
      },
      "peerDependencies": {
        "react": "^18.1.0",
        "react-dom": "^18.1.0"
      }
    },
    "node_modules/@segment/consent-manager/node_modules/nanoid": {
      "version": "1.3.4",
      "license": "MIT"
    },
    "node_modules/@segment/in-eu": {
      "version": "0.3.0",
      "license": "MIT",
      "dependencies": {
        "jstz": "^2.0.0"
      }
    },
    "node_modules/@segment/in-regions": {
      "version": "1.2.3",
      "license": "ISC",
      "dependencies": {
        "@segment/in-eu": "^0.3.0",
        "@types/jest": "^27.5.0",
        "@types/node": "^12.12.21",
        "jstz": "^2.1.1",
        "us": "^2.0.0"
      }
    },
    "node_modules/@segment/in-regions/node_modules/@types/node": {
      "version": "12.20.55",
      "license": "MIT"
    },
    "node_modules/@segment/top-domain": {
      "version": "3.0.1",
      "license": "SEE LICENSE IN LICENSE",
      "dependencies": {
        "component-cookie": "^1.1.5",
        "component-url": "^0.2.1"
      }
    },
    "node_modules/@swc/helpers": {
      "version": "0.5.1",
      "license": "Apache-2.0",
      "dependencies": {
        "tslib": "^2.4.0"
      }
    },
    "node_modules/@types/jest": {
      "version": "27.5.2",
      "license": "MIT",
      "dependencies": {
        "jest-matcher-utils": "^27.0.0",
        "pretty-format": "^27.0.0"
      }
    },
    "node_modules/@types/node": {
      "version": "20.2.5",
      "license": "MIT"
    },
    "node_modules/@types/parse-json": {
      "version": "4.0.0",
      "license": "MIT"
    },
    "node_modules/@types/prop-types": {
      "version": "15.7.5",
      "license": "MIT"
    },
    "node_modules/@types/react": {
      "version": "18.2.9",
      "license": "MIT",
      "dependencies": {
        "@types/prop-types": "*",
        "@types/scheduler": "*",
        "csstype": "^3.0.2"
      }
    },
    "node_modules/@types/react-dom": {
      "version": "18.2.4",
      "license": "MIT",
      "dependencies": {
        "@types/react": "*"
      }
    },
    "node_modules/@types/scheduler": {
      "version": "0.16.3",
      "license": "MIT"
    },
    "node_modules/abbrev": {
      "version": "1.1.1",
      "license": "ISC"
    },
    "node_modules/ansi-regex": {
      "version": "5.0.1",
      "license": "MIT",
      "engines": {
        "node": ">=8"
      }
    },
    "node_modules/ansi-styles": {
      "version": "4.3.0",
      "license": "MIT",
      "dependencies": {
        "color-convert": "^2.0.1"
      },
      "engines": {
        "node": ">=8"
      },
      "funding": {
        "url": "https://github.com/chalk/ansi-styles?sponsor=1"
      }
    },
    "node_modules/babel-plugin-emotion": {
      "version": "9.2.11",
      "license": "MIT",
      "dependencies": {
        "@babel/helper-module-imports": "^7.0.0",
        "@emotion/babel-utils": "^0.6.4",
        "@emotion/hash": "^0.6.2",
        "@emotion/memoize": "^0.6.1",
        "@emotion/stylis": "^0.7.0",
        "babel-plugin-macros": "^2.0.0",
        "babel-plugin-syntax-jsx": "^6.18.0",
        "convert-source-map": "^1.5.0",
        "find-root": "^1.1.0",
        "mkdirp": "^0.5.1",
        "source-map": "^0.5.7",
        "touch": "^2.0.1"
      }
    },
    "node_modules/babel-plugin-emotion/node_modules/@emotion/hash": {
      "version": "0.6.6",
      "license": "MIT"
    },
    "node_modules/babel-plugin-emotion/node_modules/@emotion/memoize": {
      "version": "0.6.6",
      "license": "MIT"
    },
    "node_modules/babel-plugin-emotion/node_modules/babel-plugin-macros": {
      "version": "2.8.0",
      "license": "MIT",
      "dependencies": {
        "@babel/runtime": "^7.7.2",
        "cosmiconfig": "^6.0.0",
        "resolve": "^1.12.0"
      }
    },
    "node_modules/babel-plugin-emotion/node_modules/cosmiconfig": {
      "version": "6.0.0",
      "license": "MIT",
      "dependencies": {
        "@types/parse-json": "^4.0.0",
        "import-fresh": "^3.1.0",
        "parse-json": "^5.0.0",
        "path-type": "^4.0.0",
        "yaml": "^1.7.2"
      },
      "engines": {
        "node": ">=8"
      }
    },
    "node_modules/babel-plugin-macros": {
      "version": "3.1.0",
      "license": "MIT",
      "dependencies": {
        "@babel/runtime": "^7.12.5",
        "cosmiconfig": "^7.0.0",
        "resolve": "^1.19.0"
      },
      "engines": {
        "node": ">=10",
        "npm": ">=6"
      }
    },
    "node_modules/babel-plugin-styled-components": {
      "version": "2.1.3",
      "license": "MIT",
      "dependencies": {
        "@babel/helper-annotate-as-pure": "^7.18.6",
        "@babel/helper-module-imports": "^7.21.4",
        "babel-plugin-syntax-jsx": "^6.18.0",
        "lodash": "^4.17.21",
        "picomatch": "^2.3.1"
      },
      "peerDependencies": {
        "styled-components": ">= 2"
      }
    },
    "node_modules/babel-plugin-syntax-jsx": {
      "version": "6.18.0",
      "license": "MIT"
    },
    "node_modules/busboy": {
      "version": "1.6.0",
      "dependencies": {
        "streamsearch": "^1.1.0"
      },
      "engines": {
        "node": ">=10.16.0"
      }
    },
    "node_modules/callsites": {
      "version": "3.1.0",
      "license": "MIT",
      "engines": {
        "node": ">=6"
      }
    },
    "node_modules/camelize": {
      "version": "1.0.1",
      "license": "MIT",
      "funding": {
        "url": "https://github.com/sponsors/ljharb"
      }
    },
    "node_modules/caniuse-lite": {
      "version": "1.0.30001495",
      "funding": [
        {
          "type": "opencollective",
          "url": "https://opencollective.com/browserslist"
        },
        {
          "type": "tidelift",
          "url": "https://tidelift.com/funding/github/npm/caniuse-lite"
        },
        {
          "type": "github",
          "url": "https://github.com/sponsors/ai"
        }
      ],
      "license": "CC-BY-4.0"
    },
    "node_modules/chalk": {
      "version": "4.1.2",
      "license": "MIT",
      "dependencies": {
        "ansi-styles": "^4.1.0",
        "supports-color": "^7.1.0"
      },
      "engines": {
        "node": ">=10"
      },
      "funding": {
        "url": "https://github.com/chalk/chalk?sponsor=1"
      }
    },
    "node_modules/client-only": {
      "version": "0.0.1",
      "license": "MIT"
    },
    "node_modules/color-convert": {
      "version": "2.0.1",
      "license": "MIT",
      "dependencies": {
        "color-name": "~1.1.4"
      },
      "engines": {
        "node": ">=7.0.0"
      }
    },
    "node_modules/color-name": {
      "version": "1.1.4",
      "license": "MIT"
    },
    "node_modules/component-cookie": {
      "version": "1.1.5",
      "license": "MIT",
      "dependencies": {
        "debug": "^2.6.9"
      }
    },
    "node_modules/component-url": {
      "version": "0.2.1"
    },
    "node_modules/convert-source-map": {
      "version": "1.9.0",
      "license": "MIT"
    },
    "node_modules/cosmiconfig": {
      "version": "7.1.0",
      "license": "MIT",
      "dependencies": {
        "@types/parse-json": "^4.0.0",
        "import-fresh": "^3.2.1",
        "parse-json": "^5.0.0",
        "path-type": "^4.0.0",
        "yaml": "^1.10.0"
      },
      "engines": {
        "node": ">=10"
      }
    },
    "node_modules/create-emotion": {
      "version": "9.2.12",
      "license": "MIT",
      "dependencies": {
        "@emotion/hash": "^0.6.2",
        "@emotion/memoize": "^0.6.1",
        "@emotion/stylis": "^0.7.0",
        "@emotion/unitless": "^0.6.2",
        "csstype": "^2.5.2",
        "stylis": "^3.5.0",
        "stylis-rule-sheet": "^0.0.10"
      }
    },
    "node_modules/create-emotion/node_modules/@emotion/hash": {
      "version": "0.6.6",
      "license": "MIT"
    },
    "node_modules/create-emotion/node_modules/@emotion/memoize": {
      "version": "0.6.6",
      "license": "MIT"
    },
    "node_modules/create-emotion/node_modules/@emotion/unitless": {
      "version": "0.6.7",
      "license": "MIT"
    },
    "node_modules/create-emotion/node_modules/csstype": {
      "version": "2.6.21",
      "license": "MIT"
    },
    "node_modules/create-emotion/node_modules/stylis": {
      "version": "3.5.4",
      "license": "MIT"
    },
    "node_modules/create-emotion/node_modules/stylis-rule-sheet": {
      "version": "0.0.10",
      "license": "MIT",
      "peerDependencies": {
        "stylis": "^3.5.0"
      }
    },
    "node_modules/css-color-keywords": {
      "version": "1.0.0",
      "license": "ISC",
      "engines": {
        "node": ">=4"
      }
    },
    "node_modules/css-to-react-native": {
      "version": "3.2.0",
      "license": "MIT",
      "dependencies": {
        "camelize": "^1.0.0",
        "css-color-keywords": "^1.0.0",
        "postcss-value-parser": "^4.0.2"
      }
    },
    "node_modules/csstype": {
      "version": "3.1.2",
      "license": "MIT"
    },
    "node_modules/debug": {
      "version": "2.6.9",
      "license": "MIT",
      "dependencies": {
        "ms": "2.0.0"
      }
    },
    "node_modules/diff-sequences": {
      "version": "27.5.1",
      "license": "MIT",
      "engines": {
        "node": "^10.13.0 || ^12.13.0 || ^14.15.0 || >=15.0.0"
      }
    },
    "node_modules/emotion": {
      "version": "9.2.12",
      "license": "MIT",
      "dependencies": {
        "babel-plugin-emotion": "^9.2.11",
        "create-emotion": "^9.2.12"
      }
    },
    "node_modules/error-ex": {
      "version": "1.3.2",
      "license": "MIT",
      "dependencies": {
        "is-arrayish": "^0.2.1"
      }
    },
    "node_modules/escape-string-regexp": {
      "version": "4.0.0",
      "license": "MIT",
      "engines": {
        "node": ">=10"
      },
      "funding": {
        "url": "https://github.com/sponsors/sindresorhus"
      }
    },
    "node_modules/find-root": {
      "version": "1.1.0",
      "license": "MIT"
    },
    "node_modules/function-bind": {
      "version": "1.1.1",
      "license": "MIT"
    },
    "node_modules/globals": {
      "version": "11.12.0",
      "license": "MIT",
      "engines": {
        "node": ">=4"
      }
    },
    "node_modules/has": {
      "version": "1.0.3",
      "license": "MIT",
      "dependencies": {
        "function-bind": "^1.1.1"
      },
      "engines": {
        "node": ">= 0.4.0"
      }
    },
    "node_modules/has-flag": {
      "version": "4.0.0",
      "license": "MIT",
      "engines": {
        "node": ">=8"
      }
    },
    "node_modules/hoist-non-react-statics": {
      "version": "3.3.2",
      "license": "BSD-3-Clause",
      "dependencies": {
        "react-is": "^16.7.0"
      }
    },
    "node_modules/hoist-non-react-statics/node_modules/react-is": {
      "version": "16.13.1",
      "license": "MIT"
    },
    "node_modules/import-fresh": {
      "version": "3.3.0",
      "license": "MIT",
      "dependencies": {
        "parent-module": "^1.0.0",
        "resolve-from": "^4.0.0"
      },
      "engines": {
        "node": ">=6"
      },
      "funding": {
        "url": "https://github.com/sponsors/sindresorhus"
      }
    },
    "node_modules/is-arrayish": {
      "version": "0.2.1",
      "license": "MIT"
    },
    "node_modules/is-core-module": {
      "version": "2.12.1",
      "license": "MIT",
      "dependencies": {
        "has": "^1.0.3"
      },
      "funding": {
        "url": "https://github.com/sponsors/ljharb"
      }
    },
    "node_modules/isomorphic-fetch": {
      "version": "3.0.0",
      "license": "MIT",
      "dependencies": {
        "node-fetch": "^2.6.1",
        "whatwg-fetch": "^3.4.1"
      }
    },
    "node_modules/jest-diff": {
      "version": "27.5.1",
      "license": "MIT",
      "dependencies": {
        "chalk": "^4.0.0",
        "diff-sequences": "^27.5.1",
        "jest-get-type": "^27.5.1",
        "pretty-format": "^27.5.1"
      },
      "engines": {
        "node": "^10.13.0 || ^12.13.0 || ^14.15.0 || >=15.0.0"
      }
    },
    "node_modules/jest-get-type": {
      "version": "27.5.1",
      "license": "MIT",
      "engines": {
        "node": "^10.13.0 || ^12.13.0 || ^14.15.0 || >=15.0.0"
      }
    },
    "node_modules/jest-matcher-utils": {
      "version": "27.5.1",
      "license": "MIT",
      "dependencies": {
        "chalk": "^4.0.0",
        "jest-diff": "^27.5.1",
        "jest-get-type": "^27.5.1",
        "pretty-format": "^27.5.1"
      },
      "engines": {
        "node": "^10.13.0 || ^12.13.0 || ^14.15.0 || >=15.0.0"
      }
    },
    "node_modules/js-cookie": {
      "version": "2.2.1",
      "license": "MIT"
    },
    "node_modules/js-tokens": {
      "version": "4.0.0",
      "license": "MIT"
    },
    "node_modules/jsesc": {
      "version": "2.5.2",
      "license": "MIT",
      "bin": {
        "jsesc": "bin/jsesc"
      },
      "engines": {
        "node": ">=4"
      }
    },
    "node_modules/json-parse-even-better-errors": {
      "version": "2.3.1",
      "license": "MIT"
    },
    "node_modules/jstz": {
      "version": "2.1.1",
      "engines": {
        "node": ">=0.10"
      }
    },
    "node_modules/lines-and-columns": {
      "version": "1.2.4",
      "license": "MIT"
    },
    "node_modules/lodash": {
      "version": "4.17.21",
      "license": "MIT"
    },
    "node_modules/loose-envify": {
      "version": "1.4.0",
      "license": "MIT",
      "dependencies": {
        "js-tokens": "^3.0.0 || ^4.0.0"
      },
      "bin": {
        "loose-envify": "cli.js"
      }
    },
    "node_modules/minimist": {
      "version": "1.2.8",
      "license": "MIT",
      "funding": {
        "url": "https://github.com/sponsors/ljharb"
      }
    },
    "node_modules/mkdirp": {
      "version": "0.5.6",
      "license": "MIT",
      "dependencies": {
        "minimist": "^1.2.6"
      },
      "bin": {
        "mkdirp": "bin/cmd.js"
      }
    },
    "node_modules/ms": {
      "version": "2.0.0",
      "license": "MIT"
    },
    "node_modules/nanoid": {
      "version": "3.3.6",
      "funding": [
        {
          "type": "github",
          "url": "https://github.com/sponsors/ai"
        }
      ],
      "license": "MIT",
      "bin": {
        "nanoid": "bin/nanoid.cjs"
      },
      "engines": {
        "node": "^10 || ^12 || ^13.7 || ^14 || >=15.0.1"
      }
    },
    "node_modules/next": {
      "version": "13.4.4",
      "license": "MIT",
      "dependencies": {
        "@next/env": "13.4.4",
        "@swc/helpers": "0.5.1",
        "busboy": "1.6.0",
        "caniuse-lite": "^1.0.30001406",
        "postcss": "8.4.14",
        "styled-jsx": "5.1.1",
        "zod": "3.21.4"
      },
      "bin": {
        "next": "dist/bin/next"
      },
      "engines": {
        "node": ">=16.8.0"
      },
      "optionalDependencies": {
        "@next/swc-darwin-arm64": "13.4.4",
        "@next/swc-darwin-x64": "13.4.4",
        "@next/swc-linux-arm64-gnu": "13.4.4",
        "@next/swc-linux-arm64-musl": "13.4.4",
        "@next/swc-linux-x64-gnu": "13.4.4",
        "@next/swc-linux-x64-musl": "13.4.4",
        "@next/swc-win32-arm64-msvc": "13.4.4",
        "@next/swc-win32-ia32-msvc": "13.4.4",
        "@next/swc-win32-x64-msvc": "13.4.4"
      },
      "peerDependencies": {
        "@opentelemetry/api": "^1.1.0",
        "fibers": ">= 3.1.0",
        "react": "^18.2.0",
        "react-dom": "^18.2.0",
        "sass": "^1.3.0"
      },
      "peerDependenciesMeta": {
        "@opentelemetry/api": {
          "optional": true
        },
        "fibers": {
          "optional": true
        },
        "sass": {
          "optional": true
        }
      }
    },
    "node_modules/node-fetch": {
      "version": "2.6.11",
      "license": "MIT",
      "dependencies": {
        "whatwg-url": "^5.0.0"
      },
      "engines": {
        "node": "4.x || >=6.0.0"
      },
      "peerDependencies": {
        "encoding": "^0.1.0"
      },
      "peerDependenciesMeta": {
        "encoding": {
          "optional": true
        }
      }
    },
    "node_modules/nopt": {
      "version": "1.0.10",
      "license": "MIT",
      "dependencies": {
        "abbrev": "1"
      },
      "bin": {
        "nopt": "bin/nopt.js"
      }
    },
    "node_modules/object-assign": {
      "version": "4.1.1",
      "license": "MIT",
      "engines": {
        "node": ">=0.10.0"
      }
    },
    "node_modules/parent-module": {
      "version": "1.0.1",
      "license": "MIT",
      "dependencies": {
        "callsites": "^3.0.0"
      },
      "engines": {
        "node": ">=6"
      }
    },
    "node_modules/parse-json": {
      "version": "5.2.0",
      "license": "MIT",
      "dependencies": {
        "@babel/code-frame": "^7.0.0",
        "error-ex": "^1.3.1",
        "json-parse-even-better-errors": "^2.3.0",
        "lines-and-columns": "^1.1.6"
      },
      "engines": {
        "node": ">=8"
      },
      "funding": {
        "url": "https://github.com/sponsors/sindresorhus"
      }
    },
    "node_modules/path-parse": {
      "version": "1.0.7",
      "license": "MIT"
    },
    "node_modules/path-type": {
      "version": "4.0.0",
      "license": "MIT",
      "engines": {
        "node": ">=8"
      }
    },
    "node_modules/picocolors": {
      "version": "1.0.0",
      "license": "ISC"
    },
    "node_modules/picomatch": {
      "version": "2.3.1",
      "license": "MIT",
      "engines": {
        "node": ">=8.6"
      },
      "funding": {
        "url": "https://github.com/sponsors/jonschlinkert"
      }
    },
    "node_modules/postcss": {
      "version": "8.4.14",
      "funding": [
        {
          "type": "opencollective",
          "url": "https://opencollective.com/postcss/"
        },
        {
          "type": "tidelift",
          "url": "https://tidelift.com/funding/github/npm/postcss"
        }
      ],
      "license": "MIT",
      "dependencies": {
        "nanoid": "^3.3.4",
        "picocolors": "^1.0.0",
        "source-map-js": "^1.0.2"
      },
      "engines": {
        "node": "^10 || ^12 || >=14"
      }
    },
    "node_modules/postcss-value-parser": {
      "version": "4.2.0",
      "license": "MIT"
    },
    "node_modules/pretty-format": {
      "version": "27.5.1",
      "license": "MIT",
      "dependencies": {
        "ansi-regex": "^5.0.1",
        "ansi-styles": "^5.0.0",
        "react-is": "^17.0.1"
      },
      "engines": {
        "node": "^10.13.0 || ^12.13.0 || ^14.15.0 || >=15.0.0"
      }
    },
    "node_modules/pretty-format/node_modules/ansi-styles": {
      "version": "5.2.0",
      "license": "MIT",
      "engines": {
        "node": ">=10"
      },
      "funding": {
        "url": "https://github.com/chalk/ansi-styles?sponsor=1"
      }
    },
    "node_modules/pretty-format/node_modules/react-is": {
      "version": "17.0.2",
      "license": "MIT"
    },
    "node_modules/prop-types": {
      "version": "15.8.1",
      "license": "MIT",
      "dependencies": {
        "loose-envify": "^1.4.0",
        "object-assign": "^4.1.1",
        "react-is": "^16.13.1"
      }
    },
    "node_modules/prop-types/node_modules/react-is": {
      "version": "16.13.1",
      "license": "MIT"
    },
    "node_modules/react": {
      "version": "18.2.0",
      "license": "MIT",
      "dependencies": {
        "loose-envify": "^1.1.0"
      },
      "engines": {
        "node": ">=0.10.0"
      }
    },
    "node_modules/react-dom": {
      "version": "18.2.0",
      "license": "MIT",
      "dependencies": {
        "loose-envify": "^1.1.0",
        "scheduler": "^0.23.0"
      },
      "peerDependencies": {
        "react": "^18.2.0"
      }
    },
    "node_modules/react-is": {
      "version": "18.2.0",
      "license": "MIT",
      "peer": true
    },
    "node_modules/regenerator-runtime": {
      "version": "0.13.11",
      "license": "MIT"
    },
    "node_modules/resolve": {
      "version": "1.22.2",
      "license": "MIT",
      "dependencies": {
        "is-core-module": "^2.11.0",
        "path-parse": "^1.0.7",
        "supports-preserve-symlinks-flag": "^1.0.0"
      },
      "bin": {
        "resolve": "bin/resolve"
      },
      "funding": {
        "url": "https://github.com/sponsors/ljharb"
      }
    },
    "node_modules/resolve-from": {
      "version": "4.0.0",
      "license": "MIT",
      "engines": {
        "node": ">=4"
      }
    },
    "node_modules/scheduler": {
      "version": "0.23.0",
      "license": "MIT",
      "dependencies": {
        "loose-envify": "^1.1.0"
      }
    },
    "node_modules/shallowequal": {
      "version": "1.1.0",
      "license": "MIT"
    },
    "node_modules/source-map": {
      "version": "0.5.7",
      "license": "BSD-3-Clause",
      "engines": {
        "node": ">=0.10.0"
      }
    },
    "node_modules/source-map-js": {
      "version": "1.0.2",
      "license": "BSD-3-Clause",
      "engines": {
        "node": ">=0.10.0"
      }
    },
    "node_modules/streamsearch": {
      "version": "1.1.0",
      "engines": {
        "node": ">=10.0.0"
      }
    },
    "node_modules/styled-components": {
      "version": "5.3.11",
      "license": "MIT",
      "dependencies": {
        "@babel/helper-module-imports": "^7.0.0",
        "@babel/traverse": "^7.4.5",
        "@emotion/is-prop-valid": "^1.1.0",
        "@emotion/stylis": "^0.8.4",
        "@emotion/unitless": "^0.7.4",
        "babel-plugin-styled-components": ">= 1.12.0",
        "css-to-react-native": "^3.0.0",
        "hoist-non-react-statics": "^3.0.0",
        "shallowequal": "^1.1.0",
        "supports-color": "^5.5.0"
      },
      "engines": {
        "node": ">=10"
      },
      "funding": {
        "type": "opencollective",
        "url": "https://opencollective.com/styled-components"
      },
      "peerDependencies": {
        "react": ">= 16.8.0",
        "react-dom": ">= 16.8.0",
        "react-is": ">= 16.8.0"
      }
    },
    "node_modules/styled-components/node_modules/@emotion/stylis": {
      "version": "0.8.5",
      "license": "MIT"
    },
    "node_modules/styled-components/node_modules/@emotion/unitless": {
      "version": "0.7.5",
      "license": "MIT"
    },
    "node_modules/styled-components/node_modules/has-flag": {
      "version": "3.0.0",
      "license": "MIT",
      "engines": {
        "node": ">=4"
      }
    },
    "node_modules/styled-components/node_modules/supports-color": {
      "version": "5.5.0",
      "license": "MIT",
      "dependencies": {
        "has-flag": "^3.0.0"
      },
      "engines": {
        "node": ">=4"
      }
    },
    "node_modules/styled-jsx": {
      "version": "5.1.1",
      "license": "MIT",
      "dependencies": {
        "client-only": "0.0.1"
      },
      "engines": {
        "node": ">= 12.0.0"
      },
      "peerDependencies": {
        "react": ">= 16.8.0 || 17.x.x || ^18.0.0-0"
      },
      "peerDependenciesMeta": {
        "@babel/core": {
          "optional": true
        },
        "babel-plugin-macros": {
          "optional": true
        }
      }
    },
    "node_modules/stylis": {
      "version": "4.2.0",
      "license": "MIT"
    },
    "node_modules/supports-color": {
      "version": "7.2.0",
      "license": "MIT",
      "dependencies": {
        "has-flag": "^4.0.0"
      },
      "engines": {
        "node": ">=8"
      }
    },
    "node_modules/supports-preserve-symlinks-flag": {
      "version": "1.0.0",
      "license": "MIT",
      "engines": {
        "node": ">= 0.4"
      },
      "funding": {
        "url": "https://github.com/sponsors/ljharb"
      }
    },
    "node_modules/to-fast-properties": {
      "version": "2.0.0",
      "license": "MIT",
      "engines": {
        "node": ">=4"
      }
    },
    "node_modules/touch": {
      "version": "2.0.2",
      "license": "ISC",
      "dependencies": {
        "nopt": "~1.0.10"
      },
      "bin": {
        "nodetouch": "bin/nodetouch.js"
      },
      "engines": {
        "node": ">=0.6"
      }
    },
    "node_modules/tr46": {
      "version": "0.0.3",
      "license": "MIT"
    },
    "node_modules/tslib": {
      "version": "2.5.3",
      "license": "0BSD"
    },
    "node_modules/typescript": {
      "version": "5.1.3",
      "license": "Apache-2.0",
      "bin": {
        "tsc": "bin/tsc",
        "tsserver": "bin/tsserver"
      },
      "engines": {
        "node": ">=14.17"
      }
    },
    "node_modules/us": {
      "version": "2.0.0",
      "engines": {
        "node": ">= 0.4.1"
      }
    },
    "node_modules/webidl-conversions": {
      "version": "3.0.1",
      "license": "BSD-2-Clause"
    },
    "node_modules/whatwg-fetch": {
      "version": "3.6.2",
      "license": "MIT"
    },
    "node_modules/whatwg-url": {
      "version": "5.0.0",
      "license": "MIT",
      "dependencies": {
        "tr46": "~0.0.3",
        "webidl-conversions": "^3.0.0"
      }
    },
    "node_modules/yaml": {
      "version": "1.10.2",
      "license": "ISC",
      "engines": {
        "node": ">= 6"
      }
    },
    "node_modules/zod": {
      "version": "3.21.4",
      "license": "MIT",
      "funding": {
        "url": "https://github.com/sponsors/colinhacks"
      }
    }
  }
}
